// !$*UTF8*$!
{
	archiveVersion = 1;
	classes = {
	};
	objectVersion = 50;
	objects = {

/* Begin PBXBuildFile section */
		CA15DC48235A916D00710C2C /* Pausa.png in Resources */ = {isa = PBXBuildFile; fileRef = CA15DC47235A916D00710C2C /* Pausa.png */; };
		CA1FF8502350EA88001D77D0 /* Ayuda.png in Resources */ = {isa = PBXBuildFile; fileRef = CA1FF84F2350EA88001D77D0 /* Ayuda.png */; };
		CA5B126B235BC76700FB2F49 /* End.wav in Resources */ = {isa = PBXBuildFile; fileRef = CA5B1267235BC76500FB2F49 /* End.wav */; };
		CA5B126C235BC76700FB2F49 /* Start.wav in Resources */ = {isa = PBXBuildFile; fileRef = CA5B1268235BC76600FB2F49 /* Start.wav */; };
		CA5B126D235BC76700FB2F49 /* Racket.wav in Resources */ = {isa = PBXBuildFile; fileRef = CA5B1269235BC76700FB2F49 /* Racket.wav */; };
		CA5B126E235BC76700FB2F49 /* Boundary.wav in Resources */ = {isa = PBXBuildFile; fileRef = CA5B126A235BC76700FB2F49 /* Boundary.wav */; };
		CA83BFB2234E3702001448F8 /* AppDelegate.swift in Sources */ = {isa = PBXBuildFile; fileRef = CA83BFB1234E3702001448F8 /* AppDelegate.swift */; };
		CA83BFB7234E3702001448F8 /* Main.storyboard in Resources */ = {isa = PBXBuildFile; fileRef = CA83BFB5234E3702001448F8 /* Main.storyboard */; };
		CA83BFB9234E3702001448F8 /* Assets.xcassets in Resources */ = {isa = PBXBuildFile; fileRef = CA83BFB8234E3702001448F8 /* Assets.xcassets */; };
		CA83BFBC234E3702001448F8 /* LaunchScreen.storyboard in Resources */ = {isa = PBXBuildFile; fileRef = CA83BFBA234E3702001448F8 /* LaunchScreen.storyboard */; };
		CA83BFE5234E3C10001448F8 /* InicioViewController.swift in Sources */ = {isa = PBXBuildFile; fileRef = CA83BFE4234E3C10001448F8 /* InicioViewController.swift */; };
		CA83BFED234E57A8001448F8 /* AyudaViewController.swift in Sources */ = {isa = PBXBuildFile; fileRef = CA83BFEC234E57A8001448F8 /* AyudaViewController.swift */; };
		CA83BFEF234E57B4001448F8 /* JuegoViewController.swift in Sources */ = {isa = PBXBuildFile; fileRef = CA83BFEE234E57B4001448F8 /* JuegoViewController.swift */; };
		CA83BFF1234E57C7001448F8 /* MarcadorViewController.swift in Sources */ = {isa = PBXBuildFile; fileRef = CA83BFF0234E57C7001448F8 /* MarcadorViewController.swift */; };
		CA910099234FD84500E82EF7 /* PelotaView.swift in Sources */ = {isa = PBXBuildFile; fileRef = CA910098234FD84500E82EF7 /* PelotaView.swift */; };
		CA91009B234FD85C00E82EF7 /* ObstaculoView.swift in Sources */ = {isa = PBXBuildFile; fileRef = CA91009A234FD85C00E82EF7 /* ObstaculoView.swift */; };
		CA91009D234FD87000E82EF7 /* Puntuacion.swift in Sources */ = {isa = PBXBuildFile; fileRef = CA91009C234FD87000E82EF7 /* Puntuacion.swift */; };
		CA91009F234FD88500E82EF7 /* RaquetaView.swift in Sources */ = {isa = PBXBuildFile; fileRef = CA91009E234FD88500E82EF7 /* RaquetaView.swift */; };
		CA9100A1234FD8A100E82EF7 /* Sonido.swift in Sources */ = {isa = PBXBuildFile; fileRef = CA9100A0234FD8A100E82EF7 /* Sonido.swift */; };
		CA9100A4234FD92E00E82EF7 /* Marcador.swift in Sources */ = {isa = PBXBuildFile; fileRef = CA9100A3234FD92E00E82EF7 /* Marcador.swift */; };
		CA9100B2234FE6FF00E82EF7 /* Splash.png in Resources */ = {isa = PBXBuildFile; fileRef = CA9100B1234FE6FF00E82EF7 /* Splash.png */; };
		CAAA7AA92357C172009F4A75 /* Marcadores.png in Resources */ = {isa = PBXBuildFile; fileRef = CAAA7AA82357C172009F4A75 /* Marcadores.png */; };
		CAC57B492350F39900A83A5A /* Fondo.png in Resources */ = {isa = PBXBuildFile; fileRef = CAC57B482350F39900A83A5A /* Fondo.png */; };
/* End PBXBuildFile section */

/* Begin PBXContainerItemProxy section */
		CA83BFC3234E3702001448F8 /* PBXContainerItemProxy */ = {
			isa = PBXContainerItemProxy;
			containerPortal = CA83BFA6234E3702001448F8 /* Project object */;
			proxyType = 1;
			remoteGlobalIDString = CA83BFAD234E3702001448F8;
			remoteInfo = SquashGame;
		};
		CA83BFCE234E3702001448F8 /* PBXContainerItemProxy */ = {
			isa = PBXContainerItemProxy;
			containerPortal = CA83BFA6234E3702001448F8 /* Project object */;
			proxyType = 1;
			remoteGlobalIDString = CA83BFAD234E3702001448F8;
			remoteInfo = SquashGame;
		};
/* End PBXContainerItemProxy section */

/* Begin PBXFileReference section */
		CA15DC47235A916D00710C2C /* Pausa.png */ = {isa = PBXFileReference; lastKnownFileType = image.png; path = Pausa.png; sourceTree = "<group>"; };
		CA1FF84F2350EA88001D77D0 /* Ayuda.png */ = {isa = PBXFileReference; lastKnownFileType = image.png; path = Ayuda.png; sourceTree = "<group>"; };
		CA5B1267235BC76500FB2F49 /* End.wav */ = {isa = PBXFileReference; lastKnownFileType = audio.wav; path = End.wav; sourceTree = "<group>"; };
		CA5B1268235BC76600FB2F49 /* Start.wav */ = {isa = PBXFileReference; lastKnownFileType = audio.wav; path = Start.wav; sourceTree = "<group>"; };
		CA5B1269235BC76700FB2F49 /* Racket.wav */ = {isa = PBXFileReference; lastKnownFileType = audio.wav; path = Racket.wav; sourceTree = "<group>"; };
		CA5B126A235BC76700FB2F49 /* Boundary.wav */ = {isa = PBXFileReference; lastKnownFileType = audio.wav; path = Boundary.wav; sourceTree = "<group>"; };
		CA83BFAE234E3702001448F8 /* SquashGame.app */ = {isa = PBXFileReference; explicitFileType = wrapper.application; includeInIndex = 0; path = SquashGame.app; sourceTree = BUILT_PRODUCTS_DIR; };
		CA83BFB1234E3702001448F8 /* AppDelegate.swift */ = {isa = PBXFileReference; lastKnownFileType = sourcecode.swift; path = AppDelegate.swift; sourceTree = "<group>"; };
		CA83BFB6234E3702001448F8 /* Base */ = {isa = PBXFileReference; lastKnownFileType = file.storyboard; name = Base; path = Base.lproj/Main.storyboard; sourceTree = "<group>"; };
		CA83BFB8234E3702001448F8 /* Assets.xcassets */ = {isa = PBXFileReference; lastKnownFileType = folder.assetcatalog; path = Assets.xcassets; sourceTree = "<group>"; };
		CA83BFBB234E3702001448F8 /* Base */ = {isa = PBXFileReference; lastKnownFileType = file.storyboard; name = Base; path = Base.lproj/LaunchScreen.storyboard; sourceTree = "<group>"; };
		CA83BFBD234E3702001448F8 /* Info.plist */ = {isa = PBXFileReference; lastKnownFileType = text.plist.xml; path = Info.plist; sourceTree = "<group>"; };
		CA83BFC2234E3702001448F8 /* SquashGameTests.xctest */ = {isa = PBXFileReference; explicitFileType = wrapper.cfbundle; includeInIndex = 0; path = SquashGameTests.xctest; sourceTree = BUILT_PRODUCTS_DIR; };
		CA83BFCD234E3702001448F8 /* SquashGameUITests.xctest */ = {isa = PBXFileReference; explicitFileType = wrapper.cfbundle; includeInIndex = 0; path = SquashGameUITests.xctest; sourceTree = BUILT_PRODUCTS_DIR; };
		CA83BFE4234E3C10001448F8 /* InicioViewController.swift */ = {isa = PBXFileReference; lastKnownFileType = sourcecode.swift; path = InicioViewController.swift; sourceTree = "<group>"; };
		CA83BFEC234E57A8001448F8 /* AyudaViewController.swift */ = {isa = PBXFileReference; lastKnownFileType = sourcecode.swift; path = AyudaViewController.swift; sourceTree = "<group>"; };
		CA83BFEE234E57B4001448F8 /* JuegoViewController.swift */ = {isa = PBXFileReference; lastKnownFileType = sourcecode.swift; path = JuegoViewController.swift; sourceTree = "<group>"; };
		CA83BFF0234E57C7001448F8 /* MarcadorViewController.swift */ = {isa = PBXFileReference; lastKnownFileType = sourcecode.swift; path = MarcadorViewController.swift; sourceTree = "<group>"; };
		CA910098234FD84500E82EF7 /* PelotaView.swift */ = {isa = PBXFileReference; lastKnownFileType = sourcecode.swift; path = PelotaView.swift; sourceTree = "<group>"; };
		CA91009A234FD85C00E82EF7 /* ObstaculoView.swift */ = {isa = PBXFileReference; lastKnownFileType = sourcecode.swift; path = ObstaculoView.swift; sourceTree = "<group>"; };
		CA91009C234FD87000E82EF7 /* Puntuacion.swift */ = {isa = PBXFileReference; lastKnownFileType = sourcecode.swift; path = Puntuacion.swift; sourceTree = "<group>"; };
		CA91009E234FD88500E82EF7 /* RaquetaView.swift */ = {isa = PBXFileReference; lastKnownFileType = sourcecode.swift; path = RaquetaView.swift; sourceTree = "<group>"; };
		CA9100A0234FD8A100E82EF7 /* Sonido.swift */ = {isa = PBXFileReference; lastKnownFileType = sourcecode.swift; path = Sonido.swift; sourceTree = "<group>"; };
		CA9100A3234FD92E00E82EF7 /* Marcador.swift */ = {isa = PBXFileReference; lastKnownFileType = sourcecode.swift; path = Marcador.swift; sourceTree = "<group>"; };
		CA9100B1234FE6FF00E82EF7 /* Splash.png */ = {isa = PBXFileReference; lastKnownFileType = image.png; path = Splash.png; sourceTree = "<group>"; };
		CAAA7AA82357C172009F4A75 /* Marcadores.png */ = {isa = PBXFileReference; lastKnownFileType = image.png; path = Marcadores.png; sourceTree = "<group>"; };
		CAC57B482350F39900A83A5A /* Fondo.png */ = {isa = PBXFileReference; lastKnownFileType = image.png; path = Fondo.png; sourceTree = "<group>"; };
/* End PBXFileReference section */

/* Begin PBXFrameworksBuildPhase section */
		CA83BFAB234E3702001448F8 /* Frameworks */ = {
			isa = PBXFrameworksBuildPhase;
			buildActionMask = 2147483647;
			files = (
			);
			runOnlyForDeploymentPostprocessing = 0;
		};
		CA83BFBF234E3702001448F8 /* Frameworks */ = {
			isa = PBXFrameworksBuildPhase;
			buildActionMask = 2147483647;
			files = (
			);
			runOnlyForDeploymentPostprocessing = 0;
		};
		CA83BFCA234E3702001448F8 /* Frameworks */ = {
			isa = PBXFrameworksBuildPhase;
			buildActionMask = 2147483647;
			files = (
			);
			runOnlyForDeploymentPostprocessing = 0;
		};
/* End PBXFrameworksBuildPhase section */

/* Begin PBXGroup section */
		CA83BFA5234E3702001448F8 = {
			isa = PBXGroup;
			children = (
				CA83BFB0234E3702001448F8 /* SquashGame */,
				CA83BFAF234E3702001448F8 /* Products */,
			);
			sourceTree = "<group>";
		};
		CA83BFAF234E3702001448F8 /* Products */ = {
			isa = PBXGroup;
			children = (
				CA83BFAE234E3702001448F8 /* SquashGame.app */,
				CA83BFC2234E3702001448F8 /* SquashGameTests.xctest */,
				CA83BFCD234E3702001448F8 /* SquashGameUITests.xctest */,
			);
			name = Products;
			sourceTree = "<group>";
		};
		CA83BFB0234E3702001448F8 /* SquashGame */ = {
			isa = PBXGroup;
			children = (
				CA9100A8234FDCD900E82EF7 /* Assets */,
				CA83BFE3234E3B12001448F8 /* Inicio */,
				CA83BFEB234E578E001448F8 /* Ayuda */,
				CA83BFDF234E3A77001448F8 /* Juego */,
				CA83BFE0234E3A8E001448F8 /* Marcador */,
				CA83BFB1234E3702001448F8 /* AppDelegate.swift */,
				CA83BFB5234E3702001448F8 /* Main.storyboard */,
				CA83BFB8234E3702001448F8 /* Assets.xcassets */,
				CA83BFBA234E3702001448F8 /* LaunchScreen.storyboard */,
				CA83BFBD234E3702001448F8 /* Info.plist */,
			);
			path = SquashGame;
			sourceTree = "<group>";
		};
		CA83BFDF234E3A77001448F8 /* Juego */ = {
			isa = PBXGroup;
			children = (
				CA910097234FD76F00E82EF7 /* Modelos */,
				CA83BFEE234E57B4001448F8 /* JuegoViewController.swift */,
			);
			path = Juego;
			sourceTree = "<group>";
		};
		CA83BFE0234E3A8E001448F8 /* Marcador */ = {
			isa = PBXGroup;
			children = (
				CA9100A2234FD91D00E82EF7 /* Modelo */,
				CA83BFF0234E57C7001448F8 /* MarcadorViewController.swift */,
			);
			path = Marcador;
			sourceTree = "<group>";
		};
		CA83BFE3234E3B12001448F8 /* Inicio */ = {
			isa = PBXGroup;
			children = (
				CA83BFE4234E3C10001448F8 /* InicioViewController.swift */,
			);
			path = Inicio;
			sourceTree = "<group>";
		};
		CA83BFEB234E578E001448F8 /* Ayuda */ = {
			isa = PBXGroup;
			children = (
				CA83BFEC234E57A8001448F8 /* AyudaViewController.swift */,
			);
			path = Ayuda;
			sourceTree = "<group>";
		};
		CA910097234FD76F00E82EF7 /* Modelos */ = {
			isa = PBXGroup;
			children = (
				CA91009A234FD85C00E82EF7 /* ObstaculoView.swift */,
				CA910098234FD84500E82EF7 /* PelotaView.swift */,
				CA91009C234FD87000E82EF7 /* Puntuacion.swift */,
				CA91009E234FD88500E82EF7 /* RaquetaView.swift */,
				CA9100A0234FD8A100E82EF7 /* Sonido.swift */,
			);
			path = Modelos;
			sourceTree = "<group>";
		};
		CA9100A2234FD91D00E82EF7 /* Modelo */ = {
			isa = PBXGroup;
			children = (
				CA9100A3234FD92E00E82EF7 /* Marcador.swift */,
			);
			path = Modelo;
			sourceTree = "<group>";
		};
		CA9100A8234FDCD900E82EF7 /* Assets */ = {
			isa = PBXGroup;
			children = (
				CA1FF84F2350EA88001D77D0 /* Ayuda.png */,
				CAC57B482350F39900A83A5A /* Fondo.png */,
				CAAA7AA82357C172009F4A75 /* Marcadores.png */,
				CA9100B1234FE6FF00E82EF7 /* Splash.png */,
				CA15DC47235A916D00710C2C /* Pausa.png */,
				CA5B126A235BC76700FB2F49 /* Boundary.wav */,
				CA5B1267235BC76500FB2F49 /* End.wav */,
				CA5B1269235BC76700FB2F49 /* Racket.wav */,
				CA5B1268235BC76600FB2F49 /* Start.wav */,
			);
			path = Assets;
			sourceTree = "<group>";
		};
/* End PBXGroup section */

/* Begin PBXNativeTarget section */
		CA83BFAD234E3702001448F8 /* SquashGame */ = {
			isa = PBXNativeTarget;
			buildConfigurationList = CA83BFD6234E3702001448F8 /* Build configuration list for PBXNativeTarget "SquashGame" */;
			buildPhases = (
				CA83BFAA234E3702001448F8 /* Sources */,
				CA83BFAB234E3702001448F8 /* Frameworks */,
				CA83BFAC234E3702001448F8 /* Resources */,
			);
			buildRules = (
			);
			dependencies = (
			);
			name = SquashGame;
			productName = SquashGame;
			productReference = CA83BFAE234E3702001448F8 /* SquashGame.app */;
			productType = "com.apple.product-type.application";
		};
		CA83BFC1234E3702001448F8 /* SquashGameTests */ = {
			isa = PBXNativeTarget;
			buildConfigurationList = CA83BFD9234E3702001448F8 /* Build configuration list for PBXNativeTarget "SquashGameTests" */;
			buildPhases = (
				CA83BFBE234E3702001448F8 /* Sources */,
				CA83BFBF234E3702001448F8 /* Frameworks */,
				CA83BFC0234E3702001448F8 /* Resources */,
			);
			buildRules = (
			);
			dependencies = (
				CA83BFC4234E3702001448F8 /* PBXTargetDependency */,
			);
			name = SquashGameTests;
			productName = SquashGameTests;
			productReference = CA83BFC2234E3702001448F8 /* SquashGameTests.xctest */;
			productType = "com.apple.product-type.bundle.unit-test";
		};
		CA83BFCC234E3702001448F8 /* SquashGameUITests */ = {
			isa = PBXNativeTarget;
			buildConfigurationList = CA83BFDC234E3702001448F8 /* Build configuration list for PBXNativeTarget "SquashGameUITests" */;
			buildPhases = (
				CA83BFC9234E3702001448F8 /* Sources */,
				CA83BFCA234E3702001448F8 /* Frameworks */,
				CA83BFCB234E3702001448F8 /* Resources */,
			);
			buildRules = (
			);
			dependencies = (
				CA83BFCF234E3702001448F8 /* PBXTargetDependency */,
			);
			name = SquashGameUITests;
			productName = SquashGameUITests;
			productReference = CA83BFCD234E3702001448F8 /* SquashGameUITests.xctest */;
			productType = "com.apple.product-type.bundle.ui-testing";
		};
/* End PBXNativeTarget section */

/* Begin PBXProject section */
		CA83BFA6234E3702001448F8 /* Project object */ = {
			isa = PBXProject;
			attributes = {
				LastSwiftUpdateCheck = 1030;
				LastUpgradeCheck = 1030;
				ORGANIZATIONNAME = "Josue Mosiah Contreras Rocha";
				TargetAttributes = {
					CA83BFAD234E3702001448F8 = {
						CreatedOnToolsVersion = 10.3;
					};
					CA83BFC1234E3702001448F8 = {
						CreatedOnToolsVersion = 10.3;
						TestTargetID = CA83BFAD234E3702001448F8;
					};
					CA83BFCC234E3702001448F8 = {
						CreatedOnToolsVersion = 10.3;
						TestTargetID = CA83BFAD234E3702001448F8;
					};
				};
			};
			buildConfigurationList = CA83BFA9234E3702001448F8 /* Build configuration list for PBXProject "SquashGame" */;
			compatibilityVersion = "Xcode 9.3";
			developmentRegion = en;
			hasScannedForEncodings = 0;
			knownRegions = (
				en,
				Base,
			);
			mainGroup = CA83BFA5234E3702001448F8;
			productRefGroup = CA83BFAF234E3702001448F8 /* Products */;
			projectDirPath = "";
			projectRoot = "";
			targets = (
				CA83BFAD234E3702001448F8 /* SquashGame */,
				CA83BFC1234E3702001448F8 /* SquashGameTests */,
				CA83BFCC234E3702001448F8 /* SquashGameUITests */,
			);
		};
/* End PBXProject section */

/* Begin PBXResourcesBuildPhase section */
		CA83BFAC234E3702001448F8 /* Resources */ = {
			isa = PBXResourcesBuildPhase;
			buildActionMask = 2147483647;
			files = (
				CA5B126B235BC76700FB2F49 /* End.wav in Resources */,
				CA5B126D235BC76700FB2F49 /* Racket.wav in Resources */,
				CAAA7AA92357C172009F4A75 /* Marcadores.png in Resources */,
				CA9100B2234FE6FF00E82EF7 /* Splash.png in Resources */,
				CA83BFBC234E3702001448F8 /* LaunchScreen.storyboard in Resources */,
				CAC57B492350F39900A83A5A /* Fondo.png in Resources */,
				CA5B126C235BC76700FB2F49 /* Start.wav in Resources */,
				CA83BFB9234E3702001448F8 /* Assets.xcassets in Resources */,
				CA5B126E235BC76700FB2F49 /* Boundary.wav in Resources */,
				CA83BFB7234E3702001448F8 /* Main.storyboard in Resources */,
				CA15DC48235A916D00710C2C /* Pausa.png in Resources */,
				CA1FF8502350EA88001D77D0 /* Ayuda.png in Resources */,
			);
			runOnlyForDeploymentPostprocessing = 0;
		};
		CA83BFC0234E3702001448F8 /* Resources */ = {
			isa = PBXResourcesBuildPhase;
			buildActionMask = 2147483647;
			files = (
			);
			runOnlyForDeploymentPostprocessing = 0;
		};
		CA83BFCB234E3702001448F8 /* Resources */ = {
			isa = PBXResourcesBuildPhase;
			buildActionMask = 2147483647;
			files = (
			);
			runOnlyForDeploymentPostprocessing = 0;
		};
/* End PBXResourcesBuildPhase section */

/* Begin PBXSourcesBuildPhase section */
		CA83BFAA234E3702001448F8 /* Sources */ = {
			isa = PBXSourcesBuildPhase;
			buildActionMask = 2147483647;
			files = (
				CA91009F234FD88500E82EF7 /* RaquetaView.swift in Sources */,
				CA91009B234FD85C00E82EF7 /* ObstaculoView.swift in Sources */,
				CA91009D234FD87000E82EF7 /* Puntuacion.swift in Sources */,
				CA9100A1234FD8A100E82EF7 /* Sonido.swift in Sources */,
				CA910099234FD84500E82EF7 /* PelotaView.swift in Sources */,
				CA83BFED234E57A8001448F8 /* AyudaViewController.swift in Sources */,
				CA83BFEF234E57B4001448F8 /* JuegoViewController.swift in Sources */,
				CA83BFF1234E57C7001448F8 /* MarcadorViewController.swift in Sources */,
				CA83BFE5234E3C10001448F8 /* InicioViewController.swift in Sources */,
				CA83BFB2234E3702001448F8 /* AppDelegate.swift in Sources */,
				CA9100A4234FD92E00E82EF7 /* Marcador.swift in Sources */,
			);
			runOnlyForDeploymentPostprocessing = 0;
		};
		CA83BFBE234E3702001448F8 /* Sources */ = {
			isa = PBXSourcesBuildPhase;
			buildActionMask = 2147483647;
			files = (
			);
			runOnlyForDeploymentPostprocessing = 0;
		};
		CA83BFC9234E3702001448F8 /* Sources */ = {
			isa = PBXSourcesBuildPhase;
			buildActionMask = 2147483647;
			files = (
			);
			runOnlyForDeploymentPostprocessing = 0;
		};
/* End PBXSourcesBuildPhase section */

/* Begin PBXTargetDependency section */
		CA83BFC4234E3702001448F8 /* PBXTargetDependency */ = {
			isa = PBXTargetDependency;
			target = CA83BFAD234E3702001448F8 /* SquashGame */;
			targetProxy = CA83BFC3234E3702001448F8 /* PBXContainerItemProxy */;
		};
		CA83BFCF234E3702001448F8 /* PBXTargetDependency */ = {
			isa = PBXTargetDependency;
			target = CA83BFAD234E3702001448F8 /* SquashGame */;
			targetProxy = CA83BFCE234E3702001448F8 /* PBXContainerItemProxy */;
		};
/* End PBXTargetDependency section */

/* Begin PBXVariantGroup section */
		CA83BFB5234E3702001448F8 /* Main.storyboard */ = {
			isa = PBXVariantGroup;
			children = (
				CA83BFB6234E3702001448F8 /* Base */,
			);
			name = Main.storyboard;
			sourceTree = "<group>";
		};
		CA83BFBA234E3702001448F8 /* LaunchScreen.storyboard */ = {
			isa = PBXVariantGroup;
			children = (
				CA83BFBB234E3702001448F8 /* Base */,
			);
			name = LaunchScreen.storyboard;
			sourceTree = "<group>";
		};
/* End PBXVariantGroup section */

/* Begin XCBuildConfiguration section */
		CA83BFD4234E3702001448F8 /* Debug */ = {
			isa = XCBuildConfiguration;
			buildSettings = {
				ALWAYS_SEARCH_USER_PATHS = NO;
				CLANG_ANALYZER_NONNULL = YES;
				CLANG_ANALYZER_NUMBER_OBJECT_CONVERSION = YES_AGGRESSIVE;
				CLANG_CXX_LANGUAGE_STANDARD = "gnu++14";
				CLANG_CXX_LIBRARY = "libc++";
				CLANG_ENABLE_MODULES = YES;
				CLANG_ENABLE_OBJC_ARC = YES;
				CLANG_ENABLE_OBJC_WEAK = YES;
				CLANG_WARN_BLOCK_CAPTURE_AUTORELEASING = YES;
				CLANG_WARN_BOOL_CONVERSION = YES;
				CLANG_WARN_COMMA = YES;
				CLANG_WARN_CONSTANT_CONVERSION = YES;
				CLANG_WARN_DEPRECATED_OBJC_IMPLEMENTATIONS = YES;
				CLANG_WARN_DIRECT_OBJC_ISA_USAGE = YES_ERROR;
				CLANG_WARN_DOCUMENTATION_COMMENTS = YES;
				CLANG_WARN_EMPTY_BODY = YES;
				CLANG_WARN_ENUM_CONVERSION = YES;
				CLANG_WARN_INFINITE_RECURSION = YES;
				CLANG_WARN_INT_CONVERSION = YES;
				CLANG_WARN_NON_LITERAL_NULL_CONVERSION = YES;
				CLANG_WARN_OBJC_IMPLICIT_RETAIN_SELF = YES;
				CLANG_WARN_OBJC_LITERAL_CONVERSION = YES;
				CLANG_WARN_OBJC_ROOT_CLASS = YES_ERROR;
				CLANG_WARN_RANGE_LOOP_ANALYSIS = YES;
				CLANG_WARN_STRICT_PROTOTYPES = YES;
				CLANG_WARN_SUSPICIOUS_MOVE = YES;
				CLANG_WARN_UNGUARDED_AVAILABILITY = YES_AGGRESSIVE;
				CLANG_WARN_UNREACHABLE_CODE = YES;
				CLANG_WARN__DUPLICATE_METHOD_MATCH = YES;
				CODE_SIGN_IDENTITY = "iPhone Developer";
				COPY_PHASE_STRIP = NO;
				DEBUG_INFORMATION_FORMAT = dwarf;
				ENABLE_STRICT_OBJC_MSGSEND = YES;
				ENABLE_TESTABILITY = YES;
				GCC_C_LANGUAGE_STANDARD = gnu11;
				GCC_DYNAMIC_NO_PIC = NO;
				GCC_NO_COMMON_BLOCKS = YES;
				GCC_OPTIMIZATION_LEVEL = 0;
				GCC_PREPROCESSOR_DEFINITIONS = (
					"DEBUG=1",
					"$(inherited)",
				);
				GCC_WARN_64_TO_32_BIT_CONVERSION = YES;
				GCC_WARN_ABOUT_RETURN_TYPE = YES_ERROR;
				GCC_WARN_UNDECLARED_SELECTOR = YES;
				GCC_WARN_UNINITIALIZED_AUTOS = YES_AGGRESSIVE;
				GCC_WARN_UNUSED_FUNCTION = YES;
				GCC_WARN_UNUSED_VARIABLE = YES;
				IPHONEOS_DEPLOYMENT_TARGET = 12.4;
				MTL_ENABLE_DEBUG_INFO = INCLUDE_SOURCE;
				MTL_FAST_MATH = YES;
				ONLY_ACTIVE_ARCH = YES;
				SDKROOT = iphoneos;
				SWIFT_ACTIVE_COMPILATION_CONDITIONS = DEBUG;
				SWIFT_OPTIMIZATION_LEVEL = "-Onone";
			};
			name = Debug;
		};
		CA83BFD5234E3702001448F8 /* Release */ = {
			isa = XCBuildConfiguration;
			buildSettings = {
				ALWAYS_SEARCH_USER_PATHS = NO;
				CLANG_ANALYZER_NONNULL = YES;
				CLANG_ANALYZER_NUMBER_OBJECT_CONVERSION = YES_AGGRESSIVE;
				CLANG_CXX_LANGUAGE_STANDARD = "gnu++14";
				CLANG_CXX_LIBRARY = "libc++";
				CLANG_ENABLE_MODULES = YES;
				CLANG_ENABLE_OBJC_ARC = YES;
				CLANG_ENABLE_OBJC_WEAK = YES;
				CLANG_WARN_BLOCK_CAPTURE_AUTORELEASING = YES;
				CLANG_WARN_BOOL_CONVERSION = YES;
				CLANG_WARN_COMMA = YES;
				CLANG_WARN_CONSTANT_CONVERSION = YES;
				CLANG_WARN_DEPRECATED_OBJC_IMPLEMENTATIONS = YES;
				CLANG_WARN_DIRECT_OBJC_ISA_USAGE = YES_ERROR;
				CLANG_WARN_DOCUMENTATION_COMMENTS = YES;
				CLANG_WARN_EMPTY_BODY = YES;
				CLANG_WARN_ENUM_CONVERSION = YES;
				CLANG_WARN_INFINITE_RECURSION = YES;
				CLANG_WARN_INT_CONVERSION = YES;
				CLANG_WARN_NON_LITERAL_NULL_CONVERSION = YES;
				CLANG_WARN_OBJC_IMPLICIT_RETAIN_SELF = YES;
				CLANG_WARN_OBJC_LITERAL_CONVERSION = YES;
				CLANG_WARN_OBJC_ROOT_CLASS = YES_ERROR;
				CLANG_WARN_RANGE_LOOP_ANALYSIS = YES;
				CLANG_WARN_STRICT_PROTOTYPES = YES;
				CLANG_WARN_SUSPICIOUS_MOVE = YES;
				CLANG_WARN_UNGUARDED_AVAILABILITY = YES_AGGRESSIVE;
				CLANG_WARN_UNREACHABLE_CODE = YES;
				CLANG_WARN__DUPLICATE_METHOD_MATCH = YES;
				CODE_SIGN_IDENTITY = "iPhone Developer";
				COPY_PHASE_STRIP = NO;
				DEBUG_INFORMATION_FORMAT = "dwarf-with-dsym";
				ENABLE_NS_ASSERTIONS = NO;
				ENABLE_STRICT_OBJC_MSGSEND = YES;
				GCC_C_LANGUAGE_STANDARD = gnu11;
				GCC_NO_COMMON_BLOCKS = YES;
				GCC_WARN_64_TO_32_BIT_CONVERSION = YES;
				GCC_WARN_ABOUT_RETURN_TYPE = YES_ERROR;
				GCC_WARN_UNDECLARED_SELECTOR = YES;
				GCC_WARN_UNINITIALIZED_AUTOS = YES_AGGRESSIVE;
				GCC_WARN_UNUSED_FUNCTION = YES;
				GCC_WARN_UNUSED_VARIABLE = YES;
				IPHONEOS_DEPLOYMENT_TARGET = 12.4;
				MTL_ENABLE_DEBUG_INFO = NO;
				MTL_FAST_MATH = YES;
				SDKROOT = iphoneos;
				SWIFT_COMPILATION_MODE = wholemodule;
				SWIFT_OPTIMIZATION_LEVEL = "-O";
				VALIDATE_PRODUCT = YES;
			};
			name = Release;
		};
		CA83BFD7234E3702001448F8 /* Debug */ = {
			isa = XCBuildConfiguration;
			buildSettings = {
				ASSETCATALOG_COMPILER_APPICON_NAME = AppIcon;
				CODE_SIGN_STYLE = Automatic;
				DEVELOPMENT_TEAM = 6Y824SG78Q;
				INFOPLIST_FILE = SquashGame/Info.plist;
				LD_RUNPATH_SEARCH_PATHS = (
					"$(inherited)",
					"@executable_path/Frameworks",
				);
				PRODUCT_BUNDLE_IDENTIFIER = mx.ibero.SquashGame;
				PRODUCT_NAME = "$(TARGET_NAME)";
				SWIFT_VERSION = 5.0;
				TARGETED_DEVICE_FAMILY = "1,2";
			};
			name = Debug;
		};
		CA83BFD8234E3702001448F8 /* Release */ = {
			isa = XCBuildConfiguration;
			buildSettings = {
				ASSETCATALOG_COMPILER_APPICON_NAME = AppIcon;
				CODE_SIGN_STYLE = Automatic;
				DEVELOPMENT_TEAM = 6Y824SG78Q;
				INFOPLIST_FILE = SquashGame/Info.plist;
				LD_RUNPATH_SEARCH_PATHS = (
					"$(inherited)",
					"@executable_path/Frameworks",
				);
				PRODUCT_BUNDLE_IDENTIFIER = mx.ibero.SquashGame;
				PRODUCT_NAME = "$(TARGET_NAME)";
				SWIFT_VERSION = 5.0;
				TARGETED_DEVICE_FAMILY = "1,2";
			};
			name = Release;
		};
		CA83BFDA234E3702001448F8 /* Debug */ = {
			isa = XCBuildConfiguration;
			buildSettings = {
				ALWAYS_EMBED_SWIFT_STANDARD_LIBRARIES = YES;
				BUNDLE_LOADER = "$(TEST_HOST)";
				CODE_SIGN_STYLE = Automatic;
				DEVELOPMENT_TEAM = 6Y824SG78Q;
				INFOPLIST_FILE = SquashGameTests/Info.plist;
				LD_RUNPATH_SEARCH_PATHS = (
					"$(inherited)",
					"@executable_path/Frameworks",
					"@loader_path/Frameworks",
				);
				PRODUCT_BUNDLE_IDENTIFIER = mx.ibero.SquashGameTests;
				PRODUCT_NAME = "$(TARGET_NAME)";
				SWIFT_VERSION = 5.0;
				TARGETED_DEVICE_FAMILY = "1,2";
				TEST_HOST = "$(BUILT_PRODUCTS_DIR)/SquashGame.app/SquashGame";
			};
			name = Debug;
		};
		CA83BFDB234E3702001448F8 /* Release */ = {
			isa = XCBuildConfiguration;
			buildSettings = {
				ALWAYS_EMBED_SWIFT_STANDARD_LIBRARIES = YES;
				BUNDLE_LOADER = "$(TEST_HOST)";
				CODE_SIGN_STYLE = Automatic;
				DEVELOPMENT_TEAM = 6Y824SG78Q;
				INFOPLIST_FILE = SquashGameTests/Info.plist;
				LD_RUNPATH_SEARCH_PATHS = (
					"$(inherited)",
					"@executable_path/Frameworks",
					"@loader_path/Frameworks",
				);
				PRODUCT_BUNDLE_IDENTIFIER = mx.ibero.SquashGameTests;
				PRODUCT_NAME = "$(TARGET_NAME)";
				SWIFT_VERSION = 5.0;
				TARGETED_DEVICE_FAMILY = "1,2";
				TEST_HOST = "$(BUILT_PRODUCTS_DIR)/SquashGame.app/SquashGame";
			};
			name = Release;
		};
		CA83BFDD234E3702001448F8 /* Debug */ = {
			isa = XCBuildConfiguration;
			buildSettings = {
				ALWAYS_EMBED_SWIFT_STANDARD_LIBRARIES = YES;
				CODE_SIGN_STYLE = Automatic;
				DEVELOPMENT_TEAM = 6Y824SG78Q;
				INFOPLIST_FILE = SquashGameUITests/Info.plist;
				LD_RUNPATH_SEARCH_PATHS = (
					"$(inherited)",
					"@executable_path/Frameworks",
					"@loader_path/Frameworks",
				);
				PRODUCT_BUNDLE_IDENTIFIER = mx.ibero.SquashGameUITests;
				PRODUCT_NAME = "$(TARGET_NAME)";
				SWIFT_VERSION = 5.0;
				TARGETED_DEVICE_FAMILY = "1,2";
				TEST_TARGET_NAME = SquashGame;
			};
			name = Debug;
		};
		CA83BFDE234E3702001448F8 /* Release */ = {
			isa = XCBuildConfiguration;
			buildSettings = {
				ALWAYS_EMBED_SWIFT_STANDARD_LIBRARIES = YES;
				CODE_SIGN_STYLE = Automatic;
				DEVELOPMENT_TEAM = 6Y824SG78Q;
				INFOPLIST_FILE = SquashGameUITests/Info.plist;
				LD_RUNPATH_SEARCH_PATHS = (
					"$(inherited)",
					"@executable_path/Frameworks",
					"@loader_path/Frameworks",
				);
				PRODUCT_BUNDLE_IDENTIFIER = mx.ibero.SquashGameUITests;
				PRODUCT_NAME = "$(TARGET_NAME)";
				SWIFT_VERSION = 5.0;
				TARGETED_DEVICE_FAMILY = "1,2";
				TEST_TARGET_NAME = SquashGame;
			};
			name = Release;
		};
/* End XCBuildConfiguration section */

/* Begin XCConfigurationList section */
		CA83BFA9234E3702001448F8 /* Build configuration list for PBXProject "SquashGame" */ = {
			isa = XCConfigurationList;
			buildConfigurations = (
				CA83BFD4234E3702001448F8 /* Debug */,
				CA83BFD5234E3702001448F8 /* Release */,
			);
			defaultConfigurationIsVisible = 0;
			defaultConfigurationName = Release;
		};
		CA83BFD6234E3702001448F8 /* Build configuration list for PBXNativeTarget "SquashGame" */ = {
			isa = XCConfigurationList;
			buildConfigurations = (
				CA83BFD7234E3702001448F8 /* Debug */,
				CA83BFD8234E3702001448F8 /* Release */,
			);
			defaultConfigurationIsVisible = 0;
			defaultConfigurationName = Release;
		};
		CA83BFD9234E3702001448F8 /* Build configuration list for PBXNativeTarget "SquashGameTests" */ = {
			isa = XCConfigurationList;
			buildConfigurations = (
				CA83BFDA234E3702001448F8 /* Debug */,
				CA83BFDB234E3702001448F8 /* Release */,
			);
			defaultConfigurationIsVisible = 0;
			defaultConfigurationName = Release;
		};
		CA83BFDC234E3702001448F8 /* Build configuration list for PBXNativeTarget "SquashGameUITests" */ = {
			isa = XCConfigurationList;
			buildConfigurations = (
				CA83BFDD234E3702001448F8 /* Debug */,
				CA83BFDE234E3702001448F8 /* Release */,
			);
			defaultConfigurationIsVisible = 0;
			defaultConfigurationName = Release;
		};
/* End XCConfigurationList section */
	};
	rootObject = CA83BFA6234E3702001448F8 /* Project object */;
}
